
Microsoft Visual Studio Solution File, Format Version 12.00
# Visual Studio Version 17
VisualStudioVersion = 17.8.34511.84
MinimumVisualStudioVersion = 10.0.40219.1
Project("{FAE04EC0-301F-11D3-BF4B-00C04F79EFBC}") = "Ecommerce-API", "Ecommerce-API\Ecommerce-API.csproj", "{961E3785-5193-45AE-A971-1CEF34B4FD29}"
EndProject
Global
	GlobalSection(SolutionConfigurationPlatforms) = preSolution
		Debug|Any CPU = Debug|Any CPU
		Release|Any CPU = Release|Any CPU
	EndGlobalSection
	GlobalSection(ProjectConfigurationPlatforms) = postSolution
		{961E3785-5193-45AE-A971-1CEF34B4FD29}.Debug|Any CPU.ActiveCfg = Debug|Any CPU
		{961E3785-5193-45AE-A971-1CEF34B4FD29}.Debug|Any CPU.Build.0 = Debug|Any CPU
		{961E3785-5193-45AE-A971-1CEF34B4FD29}.Release|Any CPU.ActiveCfg = Release|Any CPU
		{961E3785-5193-45AE-A971-1CEF34B4FD29}.Release|Any CPU.Build.0 = Release|Any CPU
	EndGlobalSection
	GlobalSection(SolutionProperties) = preSolution
		HideSolutionNode = FALSE
	EndGlobalSection
	GlobalSection(ExtensibilityGlobals) = postSolution
		SolutionGuid = {762317E3-1ED6-4467-83D0-34D577121FA8}
	EndGlobalSection
EndGlobal
